
Microsoft Visual Studio Solution File, Format Version 12.00
# Visual Studio Version 16
VisualStudioVersion = 16.0.29806.167
MinimumVisualStudioVersion = 10.0.40219.1
Project("{FAE04EC0-301F-11D3-BF4B-00C04F79EFBC}") = "Banks.WebUI", "Banks.WebUI\Banks.WebUI.csproj", "{B0828169-4A92-41DB-914F-581396E97A81}"
EndProject
Project("{FAE04EC0-301F-11D3-BF4B-00C04F79EFBC}") = "Banks.Entity", "Banks.Entity\Banks.Entity.csproj", "{4B69D506-CFD7-4AB7-8D54-F6A1981BFCE2}"
EndProject
Project("{FAE04EC0-301F-11D3-BF4B-00C04F79EFBC}") = "Banks.Data", "Banks.Data\Banks.Data.csproj", "{9A45135D-B954-4422-A7BB-4C1B4F28C7E4}"
EndProject
Project("{FAE04EC0-301F-11D3-BF4B-00C04F79EFBC}") = "Banks.ApiUI", "Banks.ApiUI\Banks.ApiUI.csproj", "{429E7A22-9C6F-4480-8B65-8824A71D2C40}"
EndProject
Global
	GlobalSection(SolutionConfigurationPlatforms) = preSolution
		Debug|Any CPU = Debug|Any CPU
		Release|Any CPU = Release|Any CPU
	EndGlobalSection
	GlobalSection(ProjectConfigurationPlatforms) = postSolution
		{B0828169-4A92-41DB-914F-581396E97A81}.Debug|Any CPU.ActiveCfg = Debug|Any CPU
		{B0828169-4A92-41DB-914F-581396E97A81}.Debug|Any CPU.Build.0 = Debug|Any CPU
		{B0828169-4A92-41DB-914F-581396E97A81}.Release|Any CPU.ActiveCfg = Release|Any CPU
		{B0828169-4A92-41DB-914F-581396E97A81}.Release|Any CPU.Build.0 = Release|Any CPU
		{4B69D506-CFD7-4AB7-8D54-F6A1981BFCE2}.Debug|Any CPU.ActiveCfg = Debug|Any CPU
		{4B69D506-CFD7-4AB7-8D54-F6A1981BFCE2}.Debug|Any CPU.Build.0 = Debug|Any CPU
		{4B69D506-CFD7-4AB7-8D54-F6A1981BFCE2}.Release|Any CPU.ActiveCfg = Release|Any CPU
		{4B69D506-CFD7-4AB7-8D54-F6A1981BFCE2}.Release|Any CPU.Build.0 = Release|Any CPU
		{9A45135D-B954-4422-A7BB-4C1B4F28C7E4}.Debug|Any CPU.ActiveCfg = Debug|Any CPU
		{9A45135D-B954-4422-A7BB-4C1B4F28C7E4}.Debug|Any CPU.Build.0 = Debug|Any CPU
		{9A45135D-B954-4422-A7BB-4C1B4F28C7E4}.Release|Any CPU.ActiveCfg = Release|Any CPU
		{9A45135D-B954-4422-A7BB-4C1B4F28C7E4}.Release|Any CPU.Build.0 = Release|Any CPU
		{429E7A22-9C6F-4480-8B65-8824A71D2C40}.Debug|Any CPU.ActiveCfg = Debug|Any CPU
		{429E7A22-9C6F-4480-8B65-8824A71D2C40}.Debug|Any CPU.Build.0 = Debug|Any CPU
		{429E7A22-9C6F-4480-8B65-8824A71D2C40}.Release|Any CPU.ActiveCfg = Release|Any CPU
		{429E7A22-9C6F-4480-8B65-8824A71D2C40}.Release|Any CPU.Build.0 = Release|Any CPU
	EndGlobalSection
	GlobalSection(SolutionProperties) = preSolution
		HideSolutionNode = FALSE
	EndGlobalSection
	GlobalSection(ExtensibilityGlobals) = postSolution
		SolutionGuid = {32169201-3AD1-4907-99A7-7F32035F34EC}
	EndGlobalSection
EndGlobal
